
Microsoft Visual Studio Solution File, Format Version 12.00
# Visual Studio Version 16
VisualStudioVersion = 16.0.28803.156
MinimumVisualStudioVersion = 15.0.26124.0
Project("{9A19103F-16F7-4668-BE54-9A1E7A4F7556}") = "HelloWorldApi", "src\HelloWorldApi\HelloWorldApi.csproj", "{8E6361F4-9A8E-4855-BA5E-44F1E88671FD}"
EndProject
Project("{2150E333-8FDC-42A3-9474-1A3956D46DE8}") = "src", "src", "{2EEC4801-887A-4CAB-A7D0-80A8CA07197A}"
EndProject
Project("{9A19103F-16F7-4668-BE54-9A1E7A4F7556}") = "Generator", "src\Generator\Generator.csproj", "{4C4E30A4-C033-4BD0-B86B-7DD05B7E8BEF}"
EndProject
Global
	GlobalSection(SolutionConfigurationPlatforms) = preSolution
		Debug|Any CPU = Debug|Any CPU
		Debug|x64 = Debug|x64
		Debug|x86 = Debug|x86
		Release|Any CPU = Release|Any CPU
		Release|x64 = Release|x64
		Release|x86 = Release|x86
	EndGlobalSection
	GlobalSection(ProjectConfigurationPlatforms) = postSolution
		{8E6361F4-9A8E-4855-BA5E-44F1E88671FD}.Debug|Any CPU.ActiveCfg = Debug|Any CPU
		{8E6361F4-9A8E-4855-BA5E-44F1E88671FD}.Debug|Any CPU.Build.0 = Debug|Any CPU
		{8E6361F4-9A8E-4855-BA5E-44F1E88671FD}.Debug|x64.ActiveCfg = Debug|Any CPU
		{8E6361F4-9A8E-4855-BA5E-44F1E88671FD}.Debug|x64.Build.0 = Debug|Any CPU
		{8E6361F4-9A8E-4855-BA5E-44F1E88671FD}.Debug|x86.ActiveCfg = Debug|Any CPU
		{8E6361F4-9A8E-4855-BA5E-44F1E88671FD}.Debug|x86.Build.0 = Debug|Any CPU
		{8E6361F4-9A8E-4855-BA5E-44F1E88671FD}.Release|Any CPU.ActiveCfg = Release|Any CPU
		{8E6361F4-9A8E-4855-BA5E-44F1E88671FD}.Release|Any CPU.Build.0 = Release|Any CPU
		{8E6361F4-9A8E-4855-BA5E-44F1E88671FD}.Release|x64.ActiveCfg = Release|Any CPU
		{8E6361F4-9A8E-4855-BA5E-44F1E88671FD}.Release|x64.Build.0 = Release|Any CPU
		{8E6361F4-9A8E-4855-BA5E-44F1E88671FD}.Release|x86.ActiveCfg = Release|Any CPU
		{8E6361F4-9A8E-4855-BA5E-44F1E88671FD}.Release|x86.Build.0 = Release|Any CPU
		{4C4E30A4-C033-4BD0-B86B-7DD05B7E8BEF}.Debug|Any CPU.ActiveCfg = Debug|Any CPU
		{4C4E30A4-C033-4BD0-B86B-7DD05B7E8BEF}.Debug|Any CPU.Build.0 = Debug|Any CPU
		{4C4E30A4-C033-4BD0-B86B-7DD05B7E8BEF}.Debug|x64.ActiveCfg = Debug|Any CPU
		{4C4E30A4-C033-4BD0-B86B-7DD05B7E8BEF}.Debug|x64.Build.0 = Debug|Any CPU
		{4C4E30A4-C033-4BD0-B86B-7DD05B7E8BEF}.Debug|x86.ActiveCfg = Debug|Any CPU
		{4C4E30A4-C033-4BD0-B86B-7DD05B7E8BEF}.Debug|x86.Build.0 = Debug|Any CPU
		{4C4E30A4-C033-4BD0-B86B-7DD05B7E8BEF}.Release|Any CPU.ActiveCfg = Release|Any CPU
		{4C4E30A4-C033-4BD0-B86B-7DD05B7E8BEF}.Release|Any CPU.Build.0 = Release|Any CPU
		{4C4E30A4-C033-4BD0-B86B-7DD05B7E8BEF}.Release|x64.ActiveCfg = Release|Any CPU
		{4C4E30A4-C033-4BD0-B86B-7DD05B7E8BEF}.Release|x64.Build.0 = Release|Any CPU
		{4C4E30A4-C033-4BD0-B86B-7DD05B7E8BEF}.Release|x86.ActiveCfg = Release|Any CPU
		{4C4E30A4-C033-4BD0-B86B-7DD05B7E8BEF}.Release|x86.Build.0 = Release|Any CPU
	EndGlobalSection
	GlobalSection(SolutionProperties) = preSolution
		HideSolutionNode = FALSE
	EndGlobalSection
	GlobalSection(NestedProjects) = preSolution
		{8E6361F4-9A8E-4855-BA5E-44F1E88671FD} = {2EEC4801-887A-4CAB-A7D0-80A8CA07197A}
		{4C4E30A4-C033-4BD0-B86B-7DD05B7E8BEF} = {2EEC4801-887A-4CAB-A7D0-80A8CA07197A}
	EndGlobalSection
	GlobalSection(ExtensibilityGlobals) = postSolution
		SolutionGuid = {F9A8AF3A-0B31-41BB-870E-9F2F185B1595}
	EndGlobalSection
EndGlobal
